// !$*UTF8*$!
{
	archiveVersion = 1;
	classes = {
	};
	objectVersion = 55;
	objects = {

/* Begin PBXBuildFile section */
		7920A74827C7D49000348D55 /* Tests_iOS.swift in Sources */ = {isa = PBXBuildFile; fileRef = 7920A74727C7D49000348D55 /* Tests_iOS.swift */; };
		7920A74A27C7D49000348D55 /* Tests_iOSLaunchTests.swift in Sources */ = {isa = PBXBuildFile; fileRef = 7920A74927C7D49000348D55 /* Tests_iOSLaunchTests.swift */; };
		7920A75427C7D49000348D55 /* Tests_macOS.swift in Sources */ = {isa = PBXBuildFile; fileRef = 7920A75327C7D49000348D55 /* Tests_macOS.swift */; };
		7920A75627C7D49000348D55 /* Tests_macOSLaunchTests.swift in Sources */ = {isa = PBXBuildFile; fileRef = 7920A75527C7D49000348D55 /* Tests_macOSLaunchTests.swift */; };
		7920A75727C7D49000348D55 /* OpenKillApp.swift in Sources */ = {isa = PBXBuildFile; fileRef = 7920A72F27C7D48F00348D55 /* OpenKillApp.swift */; };
		7920A75827C7D49000348D55 /* OpenKillApp.swift in Sources */ = {isa = PBXBuildFile; fileRef = 7920A72F27C7D48F00348D55 /* OpenKillApp.swift */; };
		7920A75927C7D49000348D55 /* RootView.swift in Sources */ = {isa = PBXBuildFile; fileRef = 7920A73027C7D48F00348D55 /* RootView.swift */; };
		7920A75A27C7D49000348D55 /* RootView.swift in Sources */ = {isa = PBXBuildFile; fileRef = 7920A73027C7D48F00348D55 /* RootView.swift */; };
		7920A75B27C7D49000348D55 /* Assets.xcassets in Resources */ = {isa = PBXBuildFile; fileRef = 7920A73127C7D49000348D55 /* Assets.xcassets */; };
		7920A75C27C7D49000348D55 /* Assets.xcassets in Resources */ = {isa = PBXBuildFile; fileRef = 7920A73127C7D49000348D55 /* Assets.xcassets */; };
		7920A76D27C7D4D700348D55 /* Tagged in Frameworks */ = {isa = PBXBuildFile; productRef = 7920A76C27C7D4D700348D55 /* Tagged */; };
		7920A77027C7D50500348D55 /* Pitch.swift in Sources */ = {isa = PBXBuildFile; fileRef = 7920A76F27C7D50500348D55 /* Pitch.swift */; };
		7920A77227C7D51F00348D55 /* Pledge.swift in Sources */ = {isa = PBXBuildFile; fileRef = 7920A77127C7D51F00348D55 /* Pledge.swift */; };
		7920A77427C7D59100348D55 /* Money.swift in Sources */ = {isa = PBXBuildFile; fileRef = 7920A77327C7D59100348D55 /* Money.swift */; };
		7920A77627C7D93A00348D55 /* Kill.swift in Sources */ = {isa = PBXBuildFile; fileRef = 7920A77527C7D93A00348D55 /* Kill.swift */; };
		7920A77827C7DC8200348D55 /* Oracle.swift in Sources */ = {isa = PBXBuildFile; fileRef = 7920A77727C7DC8200348D55 /* Oracle.swift */; };
		7920A77B27C7E82B00348D55 /* DAPI.swift in Sources */ = {isa = PBXBuildFile; fileRef = 7920A77A27C7E82B00348D55 /* DAPI.swift */; };
		7920A77E27C7E8EC00348D55 /* CreatePitchView.swift in Sources */ = {isa = PBXBuildFile; fileRef = 7920A77D27C7E8EC00348D55 /* CreatePitchView.swift */; };
		7920A78027C7E95F00348D55 /* PitchesView.swift in Sources */ = {isa = PBXBuildFile; fileRef = 7920A77F27C7E95F00348D55 /* PitchesView.swift */; };
		7920A78227C7E9D200348D55 /* RandomUUID.swift in Sources */ = {isa = PBXBuildFile; fileRef = 7920A78127C7E9D200348D55 /* RandomUUID.swift */; };
		7920A78527C7EA7D00348D55 /* Service in Frameworks */ = {isa = PBXBuildFile; productRef = 7920A78427C7EA7D00348D55 /* Service */; };
		7920A79027C7EE0400348D55 /* Throw.swift in Sources */ = {isa = PBXBuildFile; fileRef = 7920A78727C7EE0200348D55 /* Throw.swift */; };
		7920A79127C7EE0400348D55 /* Reference.swift in Sources */ = {isa = PBXBuildFile; fileRef = 7920A78827C7EE0200348D55 /* Reference.swift */; };
		7920A79227C7EE0400348D55 /* SimpleError.swift in Sources */ = {isa = PBXBuildFile; fileRef = 7920A78927C7EE0200348D55 /* SimpleError.swift */; };
		7920A79327C7EE0400348D55 /* URLRequest+cURL.swift in Sources */ = {isa = PBXBuildFile; fileRef = 7920A78A27C7EE0200348D55 /* URLRequest+cURL.swift */; };
		7920A79427C7EE0400348D55 /* Collection+SafeSubscript.swift in Sources */ = {isa = PBXBuildFile; fileRef = 7920A78B27C7EE0300348D55 /* Collection+SafeSubscript.swift */; };
		7920A79527C7EE0400348D55 /* ColorVariations.swift in Sources */ = {isa = PBXBuildFile; fileRef = 7920A78C27C7EE0300348D55 /* ColorVariations.swift */; };
		7920A79627C7EE0400348D55 /* LifetimeTask.swift in Sources */ = {isa = PBXBuildFile; fileRef = 7920A78D27C7EE0300348D55 /* LifetimeTask.swift */; };
		7920A79727C7EE0400348D55 /* Lookup.swift in Sources */ = {isa = PBXBuildFile; fileRef = 7920A78E27C7EE0300348D55 /* Lookup.swift */; };
		7920A79827C7EE0400348D55 /* FP.swift in Sources */ = {isa = PBXBuildFile; fileRef = 7920A78F27C7EE0400348D55 /* FP.swift */; };
/* End PBXBuildFile section */

/* Begin PBXContainerItemProxy section */
		7920A74427C7D49000348D55 /* PBXContainerItemProxy */ = {
			isa = PBXContainerItemProxy;
			containerPortal = 7920A72A27C7D48F00348D55 /* Project object */;
			proxyType = 1;
			remoteGlobalIDString = 7920A73527C7D49000348D55;
			remoteInfo = "OpenKill (iOS)";
		};
		7920A75027C7D49000348D55 /* PBXContainerItemProxy */ = {
			isa = PBXContainerItemProxy;
			containerPortal = 7920A72A27C7D48F00348D55 /* Project object */;
			proxyType = 1;
			remoteGlobalIDString = 7920A73B27C7D49000348D55;
			remoteInfo = "OpenKill (macOS)";
		};
/* End PBXContainerItemProxy section */

/* Begin PBXFileReference section */
		7920A72F27C7D48F00348D55 /* OpenKillApp.swift */ = {isa = PBXFileReference; lastKnownFileType = sourcecode.swift; path = OpenKillApp.swift; sourceTree = "<group>"; };
		7920A73027C7D48F00348D55 /* RootView.swift */ = {isa = PBXFileReference; lastKnownFileType = sourcecode.swift; path = RootView.swift; sourceTree = "<group>"; };
		7920A73127C7D49000348D55 /* Assets.xcassets */ = {isa = PBXFileReference; lastKnownFileType = folder.assetcatalog; path = Assets.xcassets; sourceTree = "<group>"; };
		7920A73627C7D49000348D55 /* OpenKill.app */ = {isa = PBXFileReference; explicitFileType = wrapper.application; includeInIndex = 0; path = OpenKill.app; sourceTree = BUILT_PRODUCTS_DIR; };
		7920A73C27C7D49000348D55 /* OpenKill.app */ = {isa = PBXFileReference; explicitFileType = wrapper.application; includeInIndex = 0; path = OpenKill.app; sourceTree = BUILT_PRODUCTS_DIR; };
		7920A73E27C7D49000348D55 /* macOS.entitlements */ = {isa = PBXFileReference; lastKnownFileType = text.plist.entitlements; path = macOS.entitlements; sourceTree = "<group>"; };
		7920A74327C7D49000348D55 /* Tests iOS.xctest */ = {isa = PBXFileReference; explicitFileType = wrapper.cfbundle; includeInIndex = 0; path = "Tests iOS.xctest"; sourceTree = BUILT_PRODUCTS_DIR; };
		7920A74727C7D49000348D55 /* Tests_iOS.swift */ = {isa = PBXFileReference; lastKnownFileType = sourcecode.swift; path = Tests_iOS.swift; sourceTree = "<group>"; };
		7920A74927C7D49000348D55 /* Tests_iOSLaunchTests.swift */ = {isa = PBXFileReference; lastKnownFileType = sourcecode.swift; path = Tests_iOSLaunchTests.swift; sourceTree = "<group>"; };
		7920A74F27C7D49000348D55 /* Tests macOS.xctest */ = {isa = PBXFileReference; explicitFileType = wrapper.cfbundle; includeInIndex = 0; path = "Tests macOS.xctest"; sourceTree = BUILT_PRODUCTS_DIR; };
		7920A75327C7D49000348D55 /* Tests_macOS.swift */ = {isa = PBXFileReference; lastKnownFileType = sourcecode.swift; path = Tests_macOS.swift; sourceTree = "<group>"; };
		7920A75527C7D49000348D55 /* Tests_macOSLaunchTests.swift */ = {isa = PBXFileReference; lastKnownFileType = sourcecode.swift; path = Tests_macOSLaunchTests.swift; sourceTree = "<group>"; };
		7920A76F27C7D50500348D55 /* Pitch.swift */ = {isa = PBXFileReference; lastKnownFileType = sourcecode.swift; path = Pitch.swift; sourceTree = "<group>"; };
		7920A77127C7D51F00348D55 /* Pledge.swift */ = {isa = PBXFileReference; lastKnownFileType = sourcecode.swift; path = Pledge.swift; sourceTree = "<group>"; };
		7920A77327C7D59100348D55 /* Money.swift */ = {isa = PBXFileReference; lastKnownFileType = sourcecode.swift; path = Money.swift; sourceTree = "<group>"; };
		7920A77527C7D93A00348D55 /* Kill.swift */ = {isa = PBXFileReference; lastKnownFileType = sourcecode.swift; path = Kill.swift; sourceTree = "<group>"; };
		7920A77727C7DC8200348D55 /* Oracle.swift */ = {isa = PBXFileReference; lastKnownFileType = sourcecode.swift; path = Oracle.swift; sourceTree = "<group>"; };
		7920A77A27C7E82B00348D55 /* DAPI.swift */ = {isa = PBXFileReference; lastKnownFileType = sourcecode.swift; path = DAPI.swift; sourceTree = "<group>"; };
		7920A77D27C7E8EC00348D55 /* CreatePitchView.swift */ = {isa = PBXFileReference; lastKnownFileType = sourcecode.swift; path = CreatePitchView.swift; sourceTree = "<group>"; };
		7920A77F27C7E95F00348D55 /* PitchesView.swift */ = {isa = PBXFileReference; lastKnownFileType = sourcecode.swift; path = PitchesView.swift; sourceTree = "<group>"; };
		7920A78127C7E9D200348D55 /* RandomUUID.swift */ = {isa = PBXFileReference; lastKnownFileType = sourcecode.swift; path = RandomUUID.swift; sourceTree = "<group>"; };
		7920A78727C7EE0200348D55 /* Throw.swift */ = {isa = PBXFileReference; fileEncoding = 4; lastKnownFileType = sourcecode.swift; path = Throw.swift; sourceTree = "<group>"; };
		7920A78827C7EE0200348D55 /* Reference.swift */ = {isa = PBXFileReference; fileEncoding = 4; lastKnownFileType = sourcecode.swift; path = Reference.swift; sourceTree = "<group>"; };
		7920A78927C7EE0200348D55 /* SimpleError.swift */ = {isa = PBXFileReference; fileEncoding = 4; lastKnownFileType = sourcecode.swift; path = SimpleError.swift; sourceTree = "<group>"; };
		7920A78A27C7EE0200348D55 /* URLRequest+cURL.swift */ = {isa = PBXFileReference; fileEncoding = 4; lastKnownFileType = sourcecode.swift; path = "URLRequest+cURL.swift"; sourceTree = "<group>"; };
		7920A78B27C7EE0300348D55 /* Collection+SafeSubscript.swift */ = {isa = PBXFileReference; fileEncoding = 4; lastKnownFileType = sourcecode.swift; path = "Collection+SafeSubscript.swift"; sourceTree = "<group>"; };
		7920A78C27C7EE0300348D55 /* ColorVariations.swift */ = {isa = PBXFileReference; fileEncoding = 4; lastKnownFileType = sourcecode.swift; path = ColorVariations.swift; sourceTree = "<group>"; };
		7920A78D27C7EE0300348D55 /* LifetimeTask.swift */ = {isa = PBXFileReference; fileEncoding = 4; lastKnownFileType = sourcecode.swift; path = LifetimeTask.swift; sourceTree = "<group>"; };
		7920A78E27C7EE0300348D55 /* Lookup.swift */ = {isa = PBXFileReference; fileEncoding = 4; lastKnownFileType = sourcecode.swift; path = Lookup.swift; sourceTree = "<group>"; };
		7920A78F27C7EE0400348D55 /* FP.swift */ = {isa = PBXFileReference; fileEncoding = 4; lastKnownFileType = sourcecode.swift; path = FP.swift; sourceTree = "<group>"; };
		7920A79927C7EE1200348D55 /* Helpers.md */ = {isa = PBXFileReference; lastKnownFileType = net.daringfireball.markdown; path = Helpers.md; sourceTree = "<group>"; };
/* End PBXFileReference section */

/* Begin PBXFrameworksBuildPhase section */
		7920A73327C7D49000348D55 /* Frameworks */ = {
			isa = PBXFrameworksBuildPhase;
			buildActionMask = 2147483647;
			files = (
				7920A78527C7EA7D00348D55 /* Service in Frameworks */,
				7920A76D27C7D4D700348D55 /* Tagged in Frameworks */,
			);
			runOnlyForDeploymentPostprocessing = 0;
		};
		7920A73927C7D49000348D55 /* Frameworks */ = {
			isa = PBXFrameworksBuildPhase;
			buildActionMask = 2147483647;
			files = (
			);
			runOnlyForDeploymentPostprocessing = 0;
		};
		7920A74027C7D49000348D55 /* Frameworks */ = {
			isa = PBXFrameworksBuildPhase;
			buildActionMask = 2147483647;
			files = (
			);
			runOnlyForDeploymentPostprocessing = 0;
		};
		7920A74C27C7D49000348D55 /* Frameworks */ = {
			isa = PBXFrameworksBuildPhase;
			buildActionMask = 2147483647;
			files = (
			);
			runOnlyForDeploymentPostprocessing = 0;
		};
/* End PBXFrameworksBuildPhase section */

/* Begin PBXGroup section */
		7920A72927C7D48F00348D55 = {
			isa = PBXGroup;
			children = (
				7920A72E27C7D48F00348D55 /* Shared */,
				7920A73D27C7D49000348D55 /* macOS */,
				7920A74627C7D49000348D55 /* Tests iOS */,
				7920A75227C7D49000348D55 /* Tests macOS */,
				7920A73727C7D49000348D55 /* Products */,
			);
			sourceTree = "<group>";
			tabWidth = 2;
		};
		7920A72E27C7D48F00348D55 /* Shared */ = {
			isa = PBXGroup;
			children = (
				7920A78627C7EDE700348D55 /* Helpers */,
				7920A77927C7E82300348D55 /* Services */,
				7920A76E27C7D4F400348D55 /* Model */,
				7920A77C27C7E8BE00348D55 /* View */,
				7920A72F27C7D48F00348D55 /* OpenKillApp.swift */,
				7920A73127C7D49000348D55 /* Assets.xcassets */,
			);
			path = Shared;
			sourceTree = "<group>";
		};
		7920A73727C7D49000348D55 /* Products */ = {
			isa = PBXGroup;
			children = (
				7920A73627C7D49000348D55 /* OpenKill.app */,
				7920A73C27C7D49000348D55 /* OpenKill.app */,
				7920A74327C7D49000348D55 /* Tests iOS.xctest */,
				7920A74F27C7D49000348D55 /* Tests macOS.xctest */,
			);
			name = Products;
			sourceTree = "<group>";
		};
		7920A73D27C7D49000348D55 /* macOS */ = {
			isa = PBXGroup;
			children = (
				7920A73E27C7D49000348D55 /* macOS.entitlements */,
			);
			path = macOS;
			sourceTree = "<group>";
		};
		7920A74627C7D49000348D55 /* Tests iOS */ = {
			isa = PBXGroup;
			children = (
				7920A74727C7D49000348D55 /* Tests_iOS.swift */,
				7920A74927C7D49000348D55 /* Tests_iOSLaunchTests.swift */,
			);
			path = "Tests iOS";
			sourceTree = "<group>";
		};
		7920A75227C7D49000348D55 /* Tests macOS */ = {
			isa = PBXGroup;
			children = (
				7920A75327C7D49000348D55 /* Tests_macOS.swift */,
				7920A75527C7D49000348D55 /* Tests_macOSLaunchTests.swift */,
			);
			path = "Tests macOS";
			sourceTree = "<group>";
		};
		7920A76E27C7D4F400348D55 /* Model */ = {
			isa = PBXGroup;
			children = (
				7920A76F27C7D50500348D55 /* Pitch.swift */,
				7920A77127C7D51F00348D55 /* Pledge.swift */,
				7920A77327C7D59100348D55 /* Money.swift */,
				7920A77527C7D93A00348D55 /* Kill.swift */,
				7920A77727C7DC8200348D55 /* Oracle.swift */,
			);
			path = Model;
			sourceTree = "<group>";
		};
		7920A77927C7E82300348D55 /* Services */ = {
			isa = PBXGroup;
			children = (
				7920A77A27C7E82B00348D55 /* DAPI.swift */,
				7920A78127C7E9D200348D55 /* RandomUUID.swift */,
			);
			path = Services;
			sourceTree = "<group>";
		};
		7920A77C27C7E8BE00348D55 /* View */ = {
			isa = PBXGroup;
			children = (
				7920A73027C7D48F00348D55 /* RootView.swift */,
				7920A77D27C7E8EC00348D55 /* CreatePitchView.swift */,
				7920A77F27C7E95F00348D55 /* PitchesView.swift */,
			);
			path = View;
			sourceTree = "<group>";
		};
		7920A78627C7EDE700348D55 /* Helpers */ = {
			isa = PBXGroup;
			children = (
				7920A79927C7EE1200348D55 /* Helpers.md */,
				7920A78B27C7EE0300348D55 /* Collection+SafeSubscript.swift */,
				7920A78C27C7EE0300348D55 /* ColorVariations.swift */,
				7920A78F27C7EE0400348D55 /* FP.swift */,
				7920A78D27C7EE0300348D55 /* LifetimeTask.swift */,
				7920A78E27C7EE0300348D55 /* Lookup.swift */,
				7920A78827C7EE0200348D55 /* Reference.swift */,
				7920A78927C7EE0200348D55 /* SimpleError.swift */,
				7920A78727C7EE0200348D55 /* Throw.swift */,
				7920A78A27C7EE0200348D55 /* URLRequest+cURL.swift */,
			);
			path = Helpers;
			sourceTree = "<group>";
		};
/* End PBXGroup section */

/* Begin PBXNativeTarget section */
		7920A73527C7D49000348D55 /* OpenKill (iOS) */ = {
			isa = PBXNativeTarget;
			buildConfigurationList = 7920A75F27C7D49000348D55 /* Build configuration list for PBXNativeTarget "OpenKill (iOS)" */;
			buildPhases = (
				7920A73227C7D49000348D55 /* Sources */,
				7920A73327C7D49000348D55 /* Frameworks */,
				7920A73427C7D49000348D55 /* Resources */,
			);
			buildRules = (
			);
			dependencies = (
			);
			name = "OpenKill (iOS)";
			packageProductDependencies = (
				7920A76C27C7D4D700348D55 /* Tagged */,
				7920A78427C7EA7D00348D55 /* Service */,
			);
			productName = "OpenKill (iOS)";
			productReference = 7920A73627C7D49000348D55 /* OpenKill.app */;
			productType = "com.apple.product-type.application";
		};
		7920A73B27C7D49000348D55 /* OpenKill (macOS) */ = {
			isa = PBXNativeTarget;
			buildConfigurationList = 7920A76227C7D49000348D55 /* Build configuration list for PBXNativeTarget "OpenKill (macOS)" */;
			buildPhases = (
				7920A73827C7D49000348D55 /* Sources */,
				7920A73927C7D49000348D55 /* Frameworks */,
				7920A73A27C7D49000348D55 /* Resources */,
			);
			buildRules = (
			);
			dependencies = (
			);
			name = "OpenKill (macOS)";
			productName = "OpenKill (macOS)";
			productReference = 7920A73C27C7D49000348D55 /* OpenKill.app */;
			productType = "com.apple.product-type.application";
		};
		7920A74227C7D49000348D55 /* Tests iOS */ = {
			isa = PBXNativeTarget;
			buildConfigurationList = 7920A76527C7D49000348D55 /* Build configuration list for PBXNativeTarget "Tests iOS" */;
			buildPhases = (
				7920A73F27C7D49000348D55 /* Sources */,
				7920A74027C7D49000348D55 /* Frameworks */,
				7920A74127C7D49000348D55 /* Resources */,
			);
			buildRules = (
			);
			dependencies = (
				7920A74527C7D49000348D55 /* PBXTargetDependency */,
			);
			name = "Tests iOS";
			productName = "Tests iOS";
			productReference = 7920A74327C7D49000348D55 /* Tests iOS.xctest */;
			productType = "com.apple.product-type.bundle.ui-testing";
		};
		7920A74E27C7D49000348D55 /* Tests macOS */ = {
			isa = PBXNativeTarget;
			buildConfigurationList = 7920A76827C7D49000348D55 /* Build configuration list for PBXNativeTarget "Tests macOS" */;
			buildPhases = (
				7920A74B27C7D49000348D55 /* Sources */,
				7920A74C27C7D49000348D55 /* Frameworks */,
				7920A74D27C7D49000348D55 /* Resources */,
			);
			buildRules = (
			);
			dependencies = (
				7920A75127C7D49000348D55 /* PBXTargetDependency */,
			);
			name = "Tests macOS";
			productName = "Tests macOS";
			productReference = 7920A74F27C7D49000348D55 /* Tests macOS.xctest */;
			productType = "com.apple.product-type.bundle.ui-testing";
		};
/* End PBXNativeTarget section */

/* Begin PBXProject section */
		7920A72A27C7D48F00348D55 /* Project object */ = {
			isa = PBXProject;
			attributes = {
				BuildIndependentTargetsInParallel = 1;
				LastSwiftUpdateCheck = 1320;
				LastUpgradeCheck = 1320;
				TargetAttributes = {
					7920A73527C7D49000348D55 = {
						CreatedOnToolsVersion = 13.2.1;
					};
					7920A73B27C7D49000348D55 = {
						CreatedOnToolsVersion = 13.2.1;
					};
					7920A74227C7D49000348D55 = {
						CreatedOnToolsVersion = 13.2.1;
						TestTargetID = 7920A73527C7D49000348D55;
					};
					7920A74E27C7D49000348D55 = {
						CreatedOnToolsVersion = 13.2.1;
						TestTargetID = 7920A73B27C7D49000348D55;
					};
				};
			};
			buildConfigurationList = 7920A72D27C7D48F00348D55 /* Build configuration list for PBXProject "OpenKill" */;
			compatibilityVersion = "Xcode 13.0";
			developmentRegion = en;
			hasScannedForEncodings = 0;
			knownRegions = (
				en,
				Base,
			);
			mainGroup = 7920A72927C7D48F00348D55;
			packageReferences = (
				7920A76B27C7D4D700348D55 /* XCRemoteSwiftPackageReference "swift-tagged" */,
				7920A78327C7EA7D00348D55 /* XCRemoteSwiftPackageReference "Service" */,
			);
			productRefGroup = 7920A73727C7D49000348D55 /* Products */;
			projectDirPath = "";
			projectRoot = "";
			targets = (
				7920A73527C7D49000348D55 /* OpenKill (iOS) */,
				7920A73B27C7D49000348D55 /* OpenKill (macOS) */,
				7920A74227C7D49000348D55 /* Tests iOS */,
				7920A74E27C7D49000348D55 /* Tests macOS */,
			);
		};
/* End PBXProject section */

/* Begin PBXResourcesBuildPhase section */
		7920A73427C7D49000348D55 /* Resources */ = {
			isa = PBXResourcesBuildPhase;
			buildActionMask = 2147483647;
			files = (
				7920A75B27C7D49000348D55 /* Assets.xcassets in Resources */,
			);
			runOnlyForDeploymentPostprocessing = 0;
		};
		7920A73A27C7D49000348D55 /* Resources */ = {
			isa = PBXResourcesBuildPhase;
			buildActionMask = 2147483647;
			files = (
				7920A75C27C7D49000348D55 /* Assets.xcassets in Resources */,
			);
			runOnlyForDeploymentPostprocessing = 0;
		};
		7920A74127C7D49000348D55 /* Resources */ = {
			isa = PBXResourcesBuildPhase;
			buildActionMask = 2147483647;
			files = (
			);
			runOnlyForDeploymentPostprocessing = 0;
		};
		7920A74D27C7D49000348D55 /* Resources */ = {
			isa = PBXResourcesBuildPhase;
			buildActionMask = 2147483647;
			files = (
			);
			runOnlyForDeploymentPostprocessing = 0;
		};
/* End PBXResourcesBuildPhase section */

/* Begin PBXSourcesBuildPhase section */
		7920A73227C7D49000348D55 /* Sources */ = {
			isa = PBXSourcesBuildPhase;
			buildActionMask = 2147483647;
			files = (
				7920A77227C7D51F00348D55 /* Pledge.swift in Sources */,
				7920A79627C7EE0400348D55 /* LifetimeTask.swift in Sources */,
				7920A77427C7D59100348D55 /* Money.swift in Sources */,
				7920A78027C7E95F00348D55 /* PitchesView.swift in Sources */,
				7920A77827C7DC8200348D55 /* Oracle.swift in Sources */,
				7920A79127C7EE0400348D55 /* Reference.swift in Sources */,
				7920A79527C7EE0400348D55 /* ColorVariations.swift in Sources */,
				7920A77B27C7E82B00348D55 /* DAPI.swift in Sources */,
				7920A77027C7D50500348D55 /* Pitch.swift in Sources */,
				7920A79027C7EE0400348D55 /* Throw.swift in Sources */,
				7920A79327C7EE0400348D55 /* URLRequest+cURL.swift in Sources */,
				7920A78227C7E9D200348D55 /* RandomUUID.swift in Sources */,
				7920A77E27C7E8EC00348D55 /* CreatePitchView.swift in Sources */,
				7920A79827C7EE0400348D55 /* FP.swift in Sources */,
				7920A75927C7D49000348D55 /* RootView.swift in Sources */,
				7920A75727C7D49000348D55 /* OpenKillApp.swift in Sources */,
				7920A79227C7EE0400348D55 /* SimpleError.swift in Sources */,
				7920A79427C7EE0400348D55 /* Collection+SafeSubscript.swift in Sources */,
				7920A79727C7EE0400348D55 /* Lookup.swift in Sources */,
				7920A77627C7D93A00348D55 /* Kill.swift in Sources */,
			);
			runOnlyForDeploymentPostprocessing = 0;
		};
		7920A73827C7D49000348D55 /* Sources */ = {
			isa = PBXSourcesBuildPhase;
			buildActionMask = 2147483647;
			files = (
				7920A75A27C7D49000348D55 /* RootView.swift in Sources */,
				7920A75827C7D49000348D55 /* OpenKillApp.swift in Sources */,
			);
			runOnlyForDeploymentPostprocessing = 0;
		};
		7920A73F27C7D49000348D55 /* Sources */ = {
			isa = PBXSourcesBuildPhase;
			buildActionMask = 2147483647;
			files = (
				7920A74A27C7D49000348D55 /* Tests_iOSLaunchTests.swift in Sources */,
				7920A74827C7D49000348D55 /* Tests_iOS.swift in Sources */,
			);
			runOnlyForDeploymentPostprocessing = 0;
		};
		7920A74B27C7D49000348D55 /* Sources */ = {
			isa = PBXSourcesBuildPhase;
			buildActionMask = 2147483647;
			files = (
				7920A75627C7D49000348D55 /* Tests_macOSLaunchTests.swift in Sources */,
				7920A75427C7D49000348D55 /* Tests_macOS.swift in Sources */,
			);
			runOnlyForDeploymentPostprocessing = 0;
		};
/* End PBXSourcesBuildPhase section */

/* Begin PBXTargetDependency section */
		7920A74527C7D49000348D55 /* PBXTargetDependency */ = {
			isa = PBXTargetDependency;
			target = 7920A73527C7D49000348D55 /* OpenKill (iOS) */;
			targetProxy = 7920A74427C7D49000348D55 /* PBXContainerItemProxy */;
		};
		7920A75127C7D49000348D55 /* PBXTargetDependency */ = {
			isa = PBXTargetDependency;
			target = 7920A73B27C7D49000348D55 /* OpenKill (macOS) */;
			targetProxy = 7920A75027C7D49000348D55 /* PBXContainerItemProxy */;
		};
/* End PBXTargetDependency section */

/* Begin XCBuildConfiguration section */
		7920A75D27C7D49000348D55 /* Debug */ = {
			isa = XCBuildConfiguration;
			buildSettings = {
				ALWAYS_SEARCH_USER_PATHS = NO;
				CLANG_ANALYZER_NONNULL = YES;
				CLANG_ANALYZER_NUMBER_OBJECT_CONVERSION = YES_AGGRESSIVE;
				CLANG_CXX_LANGUAGE_STANDARD = "gnu++17";
				CLANG_CXX_LIBRARY = "libc++";
				CLANG_ENABLE_MODULES = YES;
				CLANG_ENABLE_OBJC_ARC = YES;
				CLANG_ENABLE_OBJC_WEAK = YES;
				CLANG_WARN_BLOCK_CAPTURE_AUTORELEASING = YES;
				CLANG_WARN_BOOL_CONVERSION = YES;
				CLANG_WARN_COMMA = YES;
				CLANG_WARN_CONSTANT_CONVERSION = YES;
				CLANG_WARN_DEPRECATED_OBJC_IMPLEMENTATIONS = YES;
				CLANG_WARN_DIRECT_OBJC_ISA_USAGE = YES_ERROR;
				CLANG_WARN_DOCUMENTATION_COMMENTS = YES;
				CLANG_WARN_EMPTY_BODY = YES;
				CLANG_WARN_ENUM_CONVERSION = YES;
				CLANG_WARN_INFINITE_RECURSION = YES;
				CLANG_WARN_INT_CONVERSION = YES;
				CLANG_WARN_NON_LITERAL_NULL_CONVERSION = YES;
				CLANG_WARN_OBJC_IMPLICIT_RETAIN_SELF = YES;
				CLANG_WARN_OBJC_LITERAL_CONVERSION = YES;
				CLANG_WARN_OBJC_ROOT_CLASS = YES_ERROR;
				CLANG_WARN_QUOTED_INCLUDE_IN_FRAMEWORK_HEADER = YES;
				CLANG_WARN_RANGE_LOOP_ANALYSIS = YES;
				CLANG_WARN_STRICT_PROTOTYPES = YES;
				CLANG_WARN_SUSPICIOUS_MOVE = YES;
				CLANG_WARN_UNGUARDED_AVAILABILITY = YES_AGGRESSIVE;
				CLANG_WARN_UNREACHABLE_CODE = YES;
				CLANG_WARN__DUPLICATE_METHOD_MATCH = YES;
				COPY_PHASE_STRIP = NO;
				DEBUG_INFORMATION_FORMAT = dwarf;
				ENABLE_STRICT_OBJC_MSGSEND = YES;
				ENABLE_TESTABILITY = YES;
				GCC_C_LANGUAGE_STANDARD = gnu11;
				GCC_DYNAMIC_NO_PIC = NO;
				GCC_NO_COMMON_BLOCKS = YES;
				GCC_OPTIMIZATION_LEVEL = 0;
				GCC_PREPROCESSOR_DEFINITIONS = (
					"DEBUG=1",
					"$(inherited)",
				);
				GCC_WARN_64_TO_32_BIT_CONVERSION = YES;
				GCC_WARN_ABOUT_RETURN_TYPE = YES_ERROR;
				GCC_WARN_UNDECLARED_SELECTOR = YES;
				GCC_WARN_UNINITIALIZED_AUTOS = YES_AGGRESSIVE;
				GCC_WARN_UNUSED_FUNCTION = YES;
				GCC_WARN_UNUSED_VARIABLE = YES;
				MTL_ENABLE_DEBUG_INFO = INCLUDE_SOURCE;
				MTL_FAST_MATH = YES;
				ONLY_ACTIVE_ARCH = YES;
				SWIFT_ACTIVE_COMPILATION_CONDITIONS = DEBUG;
				SWIFT_OPTIMIZATION_LEVEL = "-Onone";
			};
			name = Debug;
		};
		7920A75E27C7D49000348D55 /* Release */ = {
			isa = XCBuildConfiguration;
			buildSettings = {
				ALWAYS_SEARCH_USER_PATHS = NO;
				CLANG_ANALYZER_NONNULL = YES;
				CLANG_ANALYZER_NUMBER_OBJECT_CONVERSION = YES_AGGRESSIVE;
				CLANG_CXX_LANGUAGE_STANDARD = "gnu++17";
				CLANG_CXX_LIBRARY = "libc++";
				CLANG_ENABLE_MODULES = YES;
				CLANG_ENABLE_OBJC_ARC = YES;
				CLANG_ENABLE_OBJC_WEAK = YES;
				CLANG_WARN_BLOCK_CAPTURE_AUTORELEASING = YES;
				CLANG_WARN_BOOL_CONVERSION = YES;
				CLANG_WARN_COMMA = YES;
				CLANG_WARN_CONSTANT_CONVERSION = YES;
				CLANG_WARN_DEPRECATED_OBJC_IMPLEMENTATIONS = YES;
				CLANG_WARN_DIRECT_OBJC_ISA_USAGE = YES_ERROR;
				CLANG_WARN_DOCUMENTATION_COMMENTS = YES;
				CLANG_WARN_EMPTY_BODY = YES;
				CLANG_WARN_ENUM_CONVERSION = YES;
				CLANG_WARN_INFINITE_RECURSION = YES;
				CLANG_WARN_INT_CONVERSION = YES;
				CLANG_WARN_NON_LITERAL_NULL_CONVERSION = YES;
				CLANG_WARN_OBJC_IMPLICIT_RETAIN_SELF = YES;
				CLANG_WARN_OBJC_LITERAL_CONVERSION = YES;
				CLANG_WARN_OBJC_ROOT_CLASS = YES_ERROR;
				CLANG_WARN_QUOTED_INCLUDE_IN_FRAMEWORK_HEADER = YES;
				CLANG_WARN_RANGE_LOOP_ANALYSIS = YES;
				CLANG_WARN_STRICT_PROTOTYPES = YES;
				CLANG_WARN_SUSPICIOUS_MOVE = YES;
				CLANG_WARN_UNGUARDED_AVAILABILITY = YES_AGGRESSIVE;
				CLANG_WARN_UNREACHABLE_CODE = YES;
				CLANG_WARN__DUPLICATE_METHOD_MATCH = YES;
				COPY_PHASE_STRIP = NO;
				DEBUG_INFORMATION_FORMAT = "dwarf-with-dsym";
				ENABLE_NS_ASSERTIONS = NO;
				ENABLE_STRICT_OBJC_MSGSEND = YES;
				GCC_C_LANGUAGE_STANDARD = gnu11;
				GCC_NO_COMMON_BLOCKS = YES;
				GCC_WARN_64_TO_32_BIT_CONVERSION = YES;
				GCC_WARN_ABOUT_RETURN_TYPE = YES_ERROR;
				GCC_WARN_UNDECLARED_SELECTOR = YES;
				GCC_WARN_UNINITIALIZED_AUTOS = YES_AGGRESSIVE;
				GCC_WARN_UNUSED_FUNCTION = YES;
				GCC_WARN_UNUSED_VARIABLE = YES;
				MTL_ENABLE_DEBUG_INFO = NO;
				MTL_FAST_MATH = YES;
				SWIFT_COMPILATION_MODE = wholemodule;
				SWIFT_OPTIMIZATION_LEVEL = "-O";
			};
			name = Release;
		};
		7920A76027C7D49000348D55 /* Debug */ = {
			isa = XCBuildConfiguration;
			buildSettings = {
				ASSETCATALOG_COMPILER_APPICON_NAME = AppIcon;
				ASSETCATALOG_COMPILER_GLOBAL_ACCENT_COLOR_NAME = AccentColor;
				CODE_SIGN_STYLE = Automatic;
				CURRENT_PROJECT_VERSION = 1;
				DEVELOPMENT_TEAM = 76EHURWG2W;
				ENABLE_PREVIEWS = YES;
				GENERATE_INFOPLIST_FILE = YES;
				INFOPLIST_KEY_UIApplicationSceneManifest_Generation = YES;
				INFOPLIST_KEY_UIApplicationSupportsIndirectInputEvents = YES;
				INFOPLIST_KEY_UILaunchScreen_Generation = YES;
				INFOPLIST_KEY_UISupportedInterfaceOrientations_iPad = "UIInterfaceOrientationPortrait UIInterfaceOrientationPortraitUpsideDown UIInterfaceOrientationLandscapeLeft UIInterfaceOrientationLandscapeRight";
				INFOPLIST_KEY_UISupportedInterfaceOrientations_iPhone = "UIInterfaceOrientationPortrait UIInterfaceOrientationLandscapeLeft UIInterfaceOrientationLandscapeRight";
				IPHONEOS_DEPLOYMENT_TARGET = 15.2;
				LD_RUNPATH_SEARCH_PATHS = (
					"$(inherited)",
					"@executable_path/Frameworks",
				);
				MARKETING_VERSION = 1.0;
				PRODUCT_BUNDLE_IDENTIFIER = cz.pteasima.OpenKill;
				PRODUCT_NAME = OpenKill;
				SDKROOT = iphoneos;
				SWIFT_EMIT_LOC_STRINGS = YES;
				SWIFT_VERSION = 5.0;
				TARGETED_DEVICE_FAMILY = "1,2";
			};
			name = Debug;
		};
		7920A76127C7D49000348D55 /* Release */ = {
			isa = XCBuildConfiguration;
			buildSettings = {
				ASSETCATALOG_COMPILER_APPICON_NAME = AppIcon;
				ASSETCATALOG_COMPILER_GLOBAL_ACCENT_COLOR_NAME = AccentColor;
				CODE_SIGN_STYLE = Automatic;
				CURRENT_PROJECT_VERSION = 1;
				DEVELOPMENT_TEAM = 76EHURWG2W;
				ENABLE_PREVIEWS = YES;
				GENERATE_INFOPLIST_FILE = YES;
				INFOPLIST_KEY_UIApplicationSceneManifest_Generation = YES;
				INFOPLIST_KEY_UIApplicationSupportsIndirectInputEvents = YES;
				INFOPLIST_KEY_UILaunchScreen_Generation = YES;
				INFOPLIST_KEY_UISupportedInterfaceOrientations_iPad = "UIInterfaceOrientationPortrait UIInterfaceOrientationPortraitUpsideDown UIInterfaceOrientationLandscapeLeft UIInterfaceOrientationLandscapeRight";
				INFOPLIST_KEY_UISupportedInterfaceOrientations_iPhone = "UIInterfaceOrientationPortrait UIInterfaceOrientationLandscapeLeft UIInterfaceOrientationLandscapeRight";
				IPHONEOS_DEPLOYMENT_TARGET = 15.2;
				LD_RUNPATH_SEARCH_PATHS = (
					"$(inherited)",
					"@executable_path/Frameworks",
				);
				MARKETING_VERSION = 1.0;
				PRODUCT_BUNDLE_IDENTIFIER = cz.pteasima.OpenKill;
				PRODUCT_NAME = OpenKill;
				SDKROOT = iphoneos;
				SWIFT_EMIT_LOC_STRINGS = YES;
				SWIFT_VERSION = 5.0;
				TARGETED_DEVICE_FAMILY = "1,2";
				VALIDATE_PRODUCT = YES;
			};
			name = Release;
		};
		7920A76327C7D49000348D55 /* Debug */ = {
			isa = XCBuildConfiguration;
			buildSettings = {
				ASSETCATALOG_COMPILER_APPICON_NAME = AppIcon;
				ASSETCATALOG_COMPILER_GLOBAL_ACCENT_COLOR_NAME = AccentColor;
				CODE_SIGN_ENTITLEMENTS = macOS/macOS.entitlements;
				CODE_SIGN_STYLE = Automatic;
				COMBINE_HIDPI_IMAGES = YES;
				CURRENT_PROJECT_VERSION = 1;
				DEVELOPMENT_TEAM = 76EHURWG2W;
				ENABLE_HARDENED_RUNTIME = YES;
				ENABLE_PREVIEWS = YES;
				GENERATE_INFOPLIST_FILE = YES;
				INFOPLIST_KEY_NSHumanReadableCopyright = "";
				LD_RUNPATH_SEARCH_PATHS = (
					"$(inherited)",
					"@executable_path/../Frameworks",
				);
				MACOSX_DEPLOYMENT_TARGET = 12.1;
				MARKETING_VERSION = 1.0;
				PRODUCT_BUNDLE_IDENTIFIER = cz.pteasima.OpenKill;
				PRODUCT_NAME = OpenKill;
				SDKROOT = macosx;
				SWIFT_EMIT_LOC_STRINGS = YES;
				SWIFT_VERSION = 5.0;
			};
			name = Debug;
		};
		7920A76427C7D49000348D55 /* Release */ = {
			isa = XCBuildConfiguration;
			buildSettings = {
				ASSETCATALOG_COMPILER_APPICON_NAME = AppIcon;
				ASSETCATALOG_COMPILER_GLOBAL_ACCENT_COLOR_NAME = AccentColor;
				CODE_SIGN_ENTITLEMENTS = macOS/macOS.entitlements;
				CODE_SIGN_STYLE = Automatic;
				COMBINE_HIDPI_IMAGES = YES;
				CURRENT_PROJECT_VERSION = 1;
				DEVELOPMENT_TEAM = 76EHURWG2W;
				ENABLE_HARDENED_RUNTIME = YES;
				ENABLE_PREVIEWS = YES;
				GENERATE_INFOPLIST_FILE = YES;
				INFOPLIST_KEY_NSHumanReadableCopyright = "";
				LD_RUNPATH_SEARCH_PATHS = (
					"$(inherited)",
					"@executable_path/../Frameworks",
				);
				MACOSX_DEPLOYMENT_TARGET = 12.1;
				MARKETING_VERSION = 1.0;
				PRODUCT_BUNDLE_IDENTIFIER = cz.pteasima.OpenKill;
				PRODUCT_NAME = OpenKill;
				SDKROOT = macosx;
				SWIFT_EMIT_LOC_STRINGS = YES;
				SWIFT_VERSION = 5.0;
			};
			name = Release;
		};
		7920A76627C7D49000348D55 /* Debug */ = {
			isa = XCBuildConfiguration;
			buildSettings = {
				ALWAYS_EMBED_SWIFT_STANDARD_LIBRARIES = YES;
				CODE_SIGN_STYLE = Automatic;
				CURRENT_PROJECT_VERSION = 1;
				DEVELOPMENT_TEAM = 76EHURWG2W;
				GENERATE_INFOPLIST_FILE = YES;
				IPHONEOS_DEPLOYMENT_TARGET = 15.2;
				MARKETING_VERSION = 1.0;
				PRODUCT_BUNDLE_IDENTIFIER = "cz.pteasima.Tests-iOS";
				PRODUCT_NAME = "$(TARGET_NAME)";
				SDKROOT = iphoneos;
				SWIFT_EMIT_LOC_STRINGS = NO;
				SWIFT_VERSION = 5.0;
				TARGETED_DEVICE_FAMILY = "1,2";
				TEST_TARGET_NAME = "OpenKill (iOS)";
			};
			name = Debug;
		};
		7920A76727C7D49000348D55 /* Release */ = {
			isa = XCBuildConfiguration;
			buildSettings = {
				ALWAYS_EMBED_SWIFT_STANDARD_LIBRARIES = YES;
				CODE_SIGN_STYLE = Automatic;
				CURRENT_PROJECT_VERSION = 1;
				DEVELOPMENT_TEAM = 76EHURWG2W;
				GENERATE_INFOPLIST_FILE = YES;
				IPHONEOS_DEPLOYMENT_TARGET = 15.2;
				MARKETING_VERSION = 1.0;
				PRODUCT_BUNDLE_IDENTIFIER = "cz.pteasima.Tests-iOS";
				PRODUCT_NAME = "$(TARGET_NAME)";
				SDKROOT = iphoneos;
				SWIFT_EMIT_LOC_STRINGS = NO;
				SWIFT_VERSION = 5.0;
				TARGETED_DEVICE_FAMILY = "1,2";
				TEST_TARGET_NAME = "OpenKill (iOS)";
				VALIDATE_PRODUCT = YES;
			};
			name = Release;
		};
		7920A76927C7D49000348D55 /* Debug */ = {
			isa = XCBuildConfiguration;
			buildSettings = {
				ALWAYS_EMBED_SWIFT_STANDARD_LIBRARIES = YES;
				CODE_SIGN_STYLE = Automatic;
				CURRENT_PROJECT_VERSION = 1;
				DEVELOPMENT_TEAM = 76EHURWG2W;
				GENERATE_INFOPLIST_FILE = YES;
				MACOSX_DEPLOYMENT_TARGET = 12.1;
				MARKETING_VERSION = 1.0;
				PRODUCT_BUNDLE_IDENTIFIER = "cz.pteasima.Tests-macOS";
				PRODUCT_NAME = "$(TARGET_NAME)";
				SDKROOT = macosx;
				SWIFT_EMIT_LOC_STRINGS = NO;
				SWIFT_VERSION = 5.0;
				TEST_TARGET_NAME = "OpenKill (macOS)";
			};
			name = Debug;
		};
		7920A76A27C7D49000348D55 /* Release */ = {
			isa = XCBuildConfiguration;
			buildSettings = {
				ALWAYS_EMBED_SWIFT_STANDARD_LIBRARIES = YES;
				CODE_SIGN_STYLE = Automatic;
				CURRENT_PROJECT_VERSION = 1;
				DEVELOPMENT_TEAM = 76EHURWG2W;
				GENERATE_INFOPLIST_FILE = YES;
				MACOSX_DEPLOYMENT_TARGET = 12.1;
				MARKETING_VERSION = 1.0;
				PRODUCT_BUNDLE_IDENTIFIER = "cz.pteasima.Tests-macOS";
				PRODUCT_NAME = "$(TARGET_NAME)";
				SDKROOT = macosx;
				SWIFT_EMIT_LOC_STRINGS = NO;
				SWIFT_VERSION = 5.0;
				TEST_TARGET_NAME = "OpenKill (macOS)";
			};
			name = Release;
		};
/* End XCBuildConfiguration section */

/* Begin XCConfigurationList section */
		7920A72D27C7D48F00348D55 /* Build configuration list for PBXProject "OpenKill" */ = {
			isa = XCConfigurationList;
			buildConfigurations = (
				7920A75D27C7D49000348D55 /* Debug */,
				7920A75E27C7D49000348D55 /* Release */,
			);
			defaultConfigurationIsVisible = 0;
			defaultConfigurationName = Release;
		};
		7920A75F27C7D49000348D55 /* Build configuration list for PBXNativeTarget "OpenKill (iOS)" */ = {
			isa = XCConfigurationList;
			buildConfigurations = (
				7920A76027C7D49000348D55 /* Debug */,
				7920A76127C7D49000348D55 /* Release */,
			);
			defaultConfigurationIsVisible = 0;
			defaultConfigurationName = Release;
		};
		7920A76227C7D49000348D55 /* Build configuration list for PBXNativeTarget "OpenKill (macOS)" */ = {
			isa = XCConfigurationList;
			buildConfigurations = (
				7920A76327C7D49000348D55 /* Debug */,
				7920A76427C7D49000348D55 /* Release */,
			);
			defaultConfigurationIsVisible = 0;
			defaultConfigurationName = Release;
		};
		7920A76527C7D49000348D55 /* Build configuration list for PBXNativeTarget "Tests iOS" */ = {
			isa = XCConfigurationList;
			buildConfigurations = (
				7920A76627C7D49000348D55 /* Debug */,
				7920A76727C7D49000348D55 /* Release */,
			);
			defaultConfigurationIsVisible = 0;
			defaultConfigurationName = Release;
		};
		7920A76827C7D49000348D55 /* Build configuration list for PBXNativeTarget "Tests macOS" */ = {
			isa = XCConfigurationList;
			buildConfigurations = (
				7920A76927C7D49000348D55 /* Debug */,
				7920A76A27C7D49000348D55 /* Release */,
			);
			defaultConfigurationIsVisible = 0;
			defaultConfigurationName = Release;
		};
/* End XCConfigurationList section */

/* Begin XCRemoteSwiftPackageReference section */
		7920A76B27C7D4D700348D55 /* XCRemoteSwiftPackageReference "swift-tagged" */ = {
			isa = XCRemoteSwiftPackageReference;
			repositoryURL = "https://github.com/pointfreeco/swift-tagged.git";
			requirement = {
				kind = upToNextMajorVersion;
				minimumVersion = 0.6.0;
			};
		};
		7920A78327C7EA7D00348D55 /* XCRemoteSwiftPackageReference "Service" */ = {
			isa = XCRemoteSwiftPackageReference;
			repositoryURL = "https://github.com/pteasima/Service";
			requirement = {
				branch = main;
				kind = branch;
			};
		};
/* End XCRemoteSwiftPackageReference section */

/* Begin XCSwiftPackageProductDependency section */
		7920A76C27C7D4D700348D55 /* Tagged */ = {
			isa = XCSwiftPackageProductDependency;
			package = 7920A76B27C7D4D700348D55 /* XCRemoteSwiftPackageReference "swift-tagged" */;
			productName = Tagged;
		};
		7920A78427C7EA7D00348D55 /* Service */ = {
			isa = XCSwiftPackageProductDependency;
			package = 7920A78327C7EA7D00348D55 /* XCRemoteSwiftPackageReference "Service" */;
			productName = Service;
		};
/* End XCSwiftPackageProductDependency section */
	};
	rootObject = 7920A72A27C7D48F00348D55 /* Project object */;
}
